# This file is automatically @generated by Cargo.
# It is not intended for manual editing.
version = 4

[[package]]
name = "mdrp2354"
version = "0.1.0"

[[package]]
name = "mdrp2354-bin"
version = "0.1.0"
dependencies = [
 "mdrp2354",
]

[[package]]
name = "mdrp2354-debug"
version = "0.1.0"
dependencies = [
 "mdrp2354",
]

[[package]]
name = "mdrp2354-periph"
version = "0.1.0"
dependencies = [
 "mdrp2354",
]

[[package]]
name = "mdrp2354-pio"
version = "0.1.0"
dependencies = [
 "mdrp2354",
]

[[package]]
name = "mdrp2354-test-harness"
version = "0.1.0"
dependencies = [
 "mdrp2354",
]
